// !$*UTF8*$!
{
	archiveVersion = 1;
	classes = {
	};
	objectVersion = 77;
	objects = {

/* Begin PBXContainerItemProxy section */
		5FEF80752CB2B65000008E1B /* PBXContainerItemProxy */ = {
			isa = PBXContainerItemProxy;
			containerPortal = 5FEF80562CB2B64F00008E1B /* Project object */;
			proxyType = 1;
			remoteGlobalIDString = 5FEF805D2CB2B64F00008E1B;
			remoteInfo = 5th_hw_HyeonhakDo;
		};
		5FEF807F2CB2B65000008E1B /* PBXContainerItemProxy */ = {
			isa = PBXContainerItemProxy;
			containerPortal = 5FEF80562CB2B64F00008E1B /* Project object */;
			proxyType = 1;
			remoteGlobalIDString = 5FEF805D2CB2B64F00008E1B;
			remoteInfo = 5th_hw_HyeonhakDo;
		};
/* End PBXContainerItemProxy section */

/* Begin PBXFileReference section */
		5FEF805E2CB2B64F00008E1B /* 5th_hw_HyeonhakDo.app */ = {isa = PBXFileReference; explicitFileType = wrapper.application; includeInIndex = 0; path = 5th_hw_HyeonhakDo.app; sourceTree = BUILT_PRODUCTS_DIR; };
		5FEF80742CB2B65000008E1B /* 5th_hw_HyeonhakDoTests.xctest */ = {isa = PBXFileReference; explicitFileType = wrapper.cfbundle; includeInIndex = 0; path = 5th_hw_HyeonhakDoTests.xctest; sourceTree = BUILT_PRODUCTS_DIR; };
		5FEF807E2CB2B65000008E1B /* 5th_hw_HyeonhakDoUITests.xctest */ = {isa = PBXFileReference; explicitFileType = wrapper.cfbundle; includeInIndex = 0; path = 5th_hw_HyeonhakDoUITests.xctest; sourceTree = BUILT_PRODUCTS_DIR; };
/* End PBXFileReference section */

/* Begin PBXFileSystemSynchronizedBuildFileExceptionSet section */
		5FEF80862CB2B65000008E1B /* Exceptions for "5th_hw_HyeonhakDo" folder in "5th_hw_HyeonhakDo" target */ = {
			isa = PBXFileSystemSynchronizedBuildFileExceptionSet;
			membershipExceptions = (
				Info.plist,
			);
			target = 5FEF805D2CB2B64F00008E1B /* 5th_hw_HyeonhakDo */;
		};
/* End PBXFileSystemSynchronizedBuildFileExceptionSet section */

/* Begin PBXFileSystemSynchronizedRootGroup section */
		5FEF80602CB2B64F00008E1B /* 5th_hw_HyeonhakDo */ = {
			isa = PBXFileSystemSynchronizedRootGroup;
			exceptions = (
				5FEF80862CB2B65000008E1B /* Exceptions for "5th_hw_HyeonhakDo" folder in "5th_hw_HyeonhakDo" target */,
			);
			path = 5th_hw_HyeonhakDo;
			sourceTree = "<group>";
		};
		5FEF80772CB2B65000008E1B /* 5th_hw_HyeonhakDoTests */ = {
			isa = PBXFileSystemSynchronizedRootGroup;
			path = 5th_hw_HyeonhakDoTests;
			sourceTree = "<group>";
		};
		5FEF80812CB2B65000008E1B /* 5th_hw_HyeonhakDoUITests */ = {
			isa = PBXFileSystemSynchronizedRootGroup;
			path = 5th_hw_HyeonhakDoUITests;
			sourceTree = "<group>";
		};
/* End PBXFileSystemSynchronizedRootGroup section */

/* Begin PBXFrameworksBuildPhase section */
		5FEF805B2CB2B64F00008E1B /* Frameworks */ = {
			isa = PBXFrameworksBuildPhase;
			buildActionMask = 2147483647;
			files = (
			);
			runOnlyForDeploymentPostprocessing = 0;
		};
		5FEF80712CB2B65000008E1B /* Frameworks */ = {
			isa = PBXFrameworksBuildPhase;
			buildActionMask = 2147483647;
			files = (
			);
			runOnlyForDeploymentPostprocessing = 0;
		};
		5FEF807B2CB2B65000008E1B /* Frameworks */ = {
			isa = PBXFrameworksBuildPhase;
			buildActionMask = 2147483647;
			files = (
			);
			runOnlyForDeploymentPostprocessing = 0;
		};
/* End PBXFrameworksBuildPhase section */

/* Begin PBXGroup section */
		5FEF80552CB2B64F00008E1B = {
			isa = PBXGroup;
			children = (
				5FEF80602CB2B64F00008E1B /* 5th_hw_HyeonhakDo */,
				5FEF80772CB2B65000008E1B /* 5th_hw_HyeonhakDoTests */,
				5FEF80812CB2B65000008E1B /* 5th_hw_HyeonhakDoUITests */,
				5FEF805F2CB2B64F00008E1B /* Products */,
			);
			sourceTree = "<group>";
		};
		5FEF805F2CB2B64F00008E1B /* Products */ = {
			isa = PBXGroup;
			children = (
				5FEF805E2CB2B64F00008E1B /* 5th_hw_HyeonhakDo.app */,
				5FEF80742CB2B65000008E1B /* 5th_hw_HyeonhakDoTests.xctest */,
				5FEF807E2CB2B65000008E1B /* 5th_hw_HyeonhakDoUITests.xctest */,
			);
			name = Products;
			sourceTree = "<group>";
		};
/* End PBXGroup section */

/* Begin PBXNativeTarget section */
		5FEF805D2CB2B64F00008E1B /* 5th_hw_HyeonhakDo */ = {
			isa = PBXNativeTarget;
			buildConfigurationList = 5FEF80872CB2B65000008E1B /* Build configuration list for PBXNativeTarget "5th_hw_HyeonhakDo" */;
			buildPhases = (
				5FEF805A2CB2B64F00008E1B /* Sources */,
				5FEF805B2CB2B64F00008E1B /* Frameworks */,
				5FEF805C2CB2B64F00008E1B /* Resources */,
			);
			buildRules = (
			);
			dependencies = (
			);
			fileSystemSynchronizedGroups = (
				5FEF80602CB2B64F00008E1B /* 5th_hw_HyeonhakDo */,
			);
			name = 5th_hw_HyeonhakDo;
			packageProductDependencies = (
			);
			productName = 5th_hw_HyeonhakDo;
			productReference = 5FEF805E2CB2B64F00008E1B /* 5th_hw_HyeonhakDo.app */;
			productType = "com.apple.product-type.application";
		};
		5FEF80732CB2B65000008E1B /* 5th_hw_HyeonhakDoTests */ = {
			isa = PBXNativeTarget;
			buildConfigurationList = 5FEF808C2CB2B65000008E1B /* Build configuration list for PBXNativeTarget "5th_hw_HyeonhakDoTests" */;
			buildPhases = (
				5FEF80702CB2B65000008E1B /* Sources */,
				5FEF80712CB2B65000008E1B /* Frameworks */,
				5FEF80722CB2B65000008E1B /* Resources */,
			);
			buildRules = (
			);
			dependencies = (
				5FEF80762CB2B65000008E1B /* PBXTargetDependency */,
			);
			fileSystemSynchronizedGroups = (
				5FEF80772CB2B65000008E1B /* 5th_hw_HyeonhakDoTests */,
			);
			name = 5th_hw_HyeonhakDoTests;
			packageProductDependencies = (
			);
			productName = 5th_hw_HyeonhakDoTests;
			productReference = 5FEF80742CB2B65000008E1B /* 5th_hw_HyeonhakDoTests.xctest */;
			productType = "com.apple.product-type.bundle.unit-test";
		};
		5FEF807D2CB2B65000008E1B /* 5th_hw_HyeonhakDoUITests */ = {
			isa = PBXNativeTarget;
			buildConfigurationList = 5FEF808F2CB2B65000008E1B /* Build configuration list for PBXNativeTarget "5th_hw_HyeonhakDoUITests" */;
			buildPhases = (
				5FEF807A2CB2B65000008E1B /* Sources */,
				5FEF807B2CB2B65000008E1B /* Frameworks */,
				5FEF807C2CB2B65000008E1B /* Resources */,
			);
			buildRules = (
			);
			dependencies = (
				5FEF80802CB2B65000008E1B /* PBXTargetDependency */,
			);
			fileSystemSynchronizedGroups = (
				5FEF80812CB2B65000008E1B /* 5th_hw_HyeonhakDoUITests */,
			);
			name = 5th_hw_HyeonhakDoUITests;
			packageProductDependencies = (
			);
			productName = 5th_hw_HyeonhakDoUITests;
			productReference = 5FEF807E2CB2B65000008E1B /* 5th_hw_HyeonhakDoUITests.xctest */;
			productType = "com.apple.product-type.bundle.ui-testing";
		};
/* End PBXNativeTarget section */

/* Begin PBXProject section */
		5FEF80562CB2B64F00008E1B /* Project object */ = {
			isa = PBXProject;
			attributes = {
				BuildIndependentTargetsInParallel = 1;
				LastSwiftUpdateCheck = 1600;
				LastUpgradeCheck = 1600;
				TargetAttributes = {
					5FEF805D2CB2B64F00008E1B = {
						CreatedOnToolsVersion = 16.0;
					};
					5FEF80732CB2B65000008E1B = {
						CreatedOnToolsVersion = 16.0;
						TestTargetID = 5FEF805D2CB2B64F00008E1B;
					};
					5FEF807D2CB2B65000008E1B = {
						CreatedOnToolsVersion = 16.0;
						TestTargetID = 5FEF805D2CB2B64F00008E1B;
					};
				};
			};
			buildConfigurationList = 5FEF80592CB2B64F00008E1B /* Build configuration list for PBXProject "5th_hw_HyeonhakDo" */;
			developmentRegion = en;
			hasScannedForEncodings = 0;
			knownRegions = (
				en,
				Base,
			);
			mainGroup = 5FEF80552CB2B64F00008E1B;
			minimizedProjectReferenceProxies = 1;
			preferredProjectObjectVersion = 77;
			productRefGroup = 5FEF805F2CB2B64F00008E1B /* Products */;
			projectDirPath = "";
			projectRoot = "";
			targets = (
				5FEF805D2CB2B64F00008E1B /* 5th_hw_HyeonhakDo */,
				5FEF80732CB2B65000008E1B /* 5th_hw_HyeonhakDoTests */,
				5FEF807D2CB2B65000008E1B /* 5th_hw_HyeonhakDoUITests */,
			);
		};
/* End PBXProject section */

/* Begin PBXResourcesBuildPhase section */
		5FEF805C2CB2B64F00008E1B /* Resources */ = {
			isa = PBXResourcesBuildPhase;
			buildActionMask = 2147483647;
			files = (
			);
			runOnlyForDeploymentPostprocessing = 0;
		};
		5FEF80722CB2B65000008E1B /* Resources */ = {
			isa = PBXResourcesBuildPhase;
			buildActionMask = 2147483647;
			files = (
			);
			runOnlyForDeploymentPostprocessing = 0;
		};
		5FEF807C2CB2B65000008E1B /* Resources */ = {
			isa = PBXResourcesBuildPhase;
			buildActionMask = 2147483647;
			files = (
			);
			runOnlyForDeploymentPostprocessing = 0;
		};
/* End PBXResourcesBuildPhase section */

/* Begin PBXSourcesBuildPhase section */
		5FEF805A2CB2B64F00008E1B /* Sources */ = {
			isa = PBXSourcesBuildPhase;
			buildActionMask = 2147483647;
			files = (
			);
			runOnlyForDeploymentPostprocessing = 0;
		};
		5FEF80702CB2B65000008E1B /* Sources */ = {
			isa = PBXSourcesBuildPhase;
			buildActionMask = 2147483647;
			files = (
			);
			runOnlyForDeploymentPostprocessing = 0;
		};
		5FEF807A2CB2B65000008E1B /* Sources */ = {
			isa = PBXSourcesBuildPhase;
			buildActionMask = 2147483647;
			files = (
			);
			runOnlyForDeploymentPostprocessing = 0;
		};
/* End PBXSourcesBuildPhase section */

/* Begin PBXTargetDependency section */
		5FEF80762CB2B65000008E1B /* PBXTargetDependency */ = {
			isa = PBXTargetDependency;
			target = 5FEF805D2CB2B64F00008E1B /* 5th_hw_HyeonhakDo */;
			targetProxy = 5FEF80752CB2B65000008E1B /* PBXContainerItemProxy */;
		};
		5FEF80802CB2B65000008E1B /* PBXTargetDependency */ = {
			isa = PBXTargetDependency;
			target = 5FEF805D2CB2B64F00008E1B /* 5th_hw_HyeonhakDo */;
			targetProxy = 5FEF807F2CB2B65000008E1B /* PBXContainerItemProxy */;
		};
/* End PBXTargetDependency section */

/* Begin XCBuildConfiguration section */
		5FEF80882CB2B65000008E1B /* Debug */ = {
			isa = XCBuildConfiguration;
			buildSettings = {
				ASSETCATALOG_COMPILER_APPICON_NAME = AppIcon;
				ASSETCATALOG_COMPILER_GLOBAL_ACCENT_COLOR_NAME = AccentColor;
				CODE_SIGN_STYLE = Automatic;
				CURRENT_PROJECT_VERSION = 1;
				DEVELOPMENT_TEAM = NBKQCU426T;
				GENERATE_INFOPLIST_FILE = YES;
				INFOPLIST_FILE = 5th_hw_HyeonhakDo/Info.plist;
				INFOPLIST_KEY_UIApplicationSupportsIndirectInputEvents = YES;
				INFOPLIST_KEY_UILaunchStoryboardName = LaunchScreen;
				INFOPLIST_KEY_UIMainStoryboardFile = Main;
				INFOPLIST_KEY_UISupportedInterfaceOrientations_iPad = "UIInterfaceOrientationPortrait UIInterfaceOrientationPortraitUpsideDown UIInterfaceOrientationLandscapeLeft UIInterfaceOrientationLandscapeRight";
				INFOPLIST_KEY_UISupportedInterfaceOrientations_iPhone = "UIInterfaceOrientationPortrait UIInterfaceOrientationLandscapeLeft UIInterfaceOrientationLandscapeRight";
				LD_RUNPATH_SEARCH_PATHS = (
					"$(inherited)",
					"@executable_path/Frameworks",
				);
				MARKETING_VERSION = 1.0;
				PRODUCT_BUNDLE_IDENTIFIER = "com.one.ram.-th-hw-HyeonhakDo";
				PRODUCT_NAME = "$(TARGET_NAME)";
				SWIFT_EMIT_LOC_STRINGS = YES;
				SWIFT_VERSION = 5.0;
				TARGETED_DEVICE_FAMILY = "1,2";
			};
			name = Debug;
		};
		5FEF80892CB2B65000008E1B /* Release */ = {
			isa = XCBuildConfiguration;
			buildSettings = {
				ASSETCATALOG_COMPILER_APPICON_NAME = AppIcon;
				ASSETCATALOG_COMPILER_GLOBAL_ACCENT_COLOR_NAME = AccentColor;
				CODE_SIGN_STYLE = Automatic;
				CURRENT_PROJECT_VERSION = 1;
				DEVELOPMENT_TEAM = NBKQCU426T;
				GENERATE_INFOPLIST_FILE = YES;
				INFOPLIST_FILE = 5th_hw_HyeonhakDo/Info.plist;
				INFOPLIST_KEY_UIApplicationSupportsIndirectInputEvents = YES;
				INFOPLIST_KEY_UILaunchStoryboardName = LaunchScreen;
				INFOPLIST_KEY_UIMainStoryboardFile = Main;
				INFOPLIST_KEY_UISupportedInterfaceOrientations_iPad = "UIInterfaceOrientationPortrait UIInterfaceOrientationPortraitUpsideDown UIInterfaceOrientationLandscapeLeft UIInterfaceOrientationLandscapeRight";
				INFOPLIST_KEY_UISupportedInterfaceOrientations_iPhone = "UIInterfaceOrientationPortrait UIInterfaceOrientationLandscapeLeft UIInterfaceOrientationLandscapeRight";
				LD_RUNPATH_SEARCH_PATHS = (
					"$(inherited)",
					"@executable_path/Frameworks",
				);
				MARKETING_VERSION = 1.0;
				PRODUCT_BUNDLE_IDENTIFIER = "com.one.ram.-th-hw-HyeonhakDo";
				PRODUCT_NAME = "$(TARGET_NAME)";
				SWIFT_EMIT_LOC_STRINGS = YES;
				SWIFT_VERSION = 5.0;
				TARGETED_DEVICE_FAMILY = "1,2";
			};
			name = Release;
		};
		5FEF808A2CB2B65000008E1B /* Debug */ = {
			isa = XCBuildConfiguration;
			buildSettings = {
				ALWAYS_SEARCH_USER_PATHS = NO;
				ASSETCATALOG_COMPILER_GENERATE_SWIFT_ASSET_SYMBOL_EXTENSIONS = YES;
				CLANG_ANALYZER_NONNULL = YES;
				CLANG_ANALYZER_NUMBER_OBJECT_CONVERSION = YES_AGGRESSIVE;
				CLANG_CXX_LANGUAGE_STANDARD = "gnu++20";
				CLANG_ENABLE_MODULES = YES;
				CLANG_ENABLE_OBJC_ARC = YES;
				CLANG_ENABLE_OBJC_WEAK = YES;
				CLANG_WARN_BLOCK_CAPTURE_AUTORELEASING = YES;
				CLANG_WARN_BOOL_CONVERSION = YES;
				CLANG_WARN_COMMA = YES;
				CLANG_WARN_CONSTANT_CONVERSION = YES;
				CLANG_WARN_DEPRECATED_OBJC_IMPLEMENTATIONS = YES;
				CLANG_WARN_DIRECT_OBJC_ISA_USAGE = YES_ERROR;
				CLANG_WARN_DOCUMENTATION_COMMENTS = YES;
				CLANG_WARN_EMPTY_BODY = YES;
				CLANG_WARN_ENUM_CONVERSION = YES;
				CLANG_WARN_INFINITE_RECURSION = YES;
				CLANG_WARN_INT_CONVERSION = YES;
				CLANG_WARN_NON_LITERAL_NULL_CONVERSION = YES;
				CLANG_WARN_OBJC_IMPLICIT_RETAIN_SELF = YES;
				CLANG_WARN_OBJC_LITERAL_CONVERSION = YES;
				CLANG_WARN_OBJC_ROOT_CLASS = YES_ERROR;
				CLANG_WARN_QUOTED_INCLUDE_IN_FRAMEWORK_HEADER = YES;
				CLANG_WARN_RANGE_LOOP_ANALYSIS = YES;
				CLANG_WARN_STRICT_PROTOTYPES = YES;
				CLANG_WARN_SUSPICIOUS_MOVE = YES;
				CLANG_WARN_UNGUARDED_AVAILABILITY = YES_AGGRESSIVE;
				CLANG_WARN_UNREACHABLE_CODE = YES;
				CLANG_WARN__DUPLICATE_METHOD_MATCH = YES;
				COPY_PHASE_STRIP = NO;
				DEBUG_INFORMATION_FORMAT = dwarf;
				ENABLE_STRICT_OBJC_MSGSEND = YES;
				ENABLE_TESTABILITY = YES;
				ENABLE_USER_SCRIPT_SANDBOXING = YES;
				GCC_C_LANGUAGE_STANDARD = gnu17;
				GCC_DYNAMIC_NO_PIC = NO;
				GCC_NO_COMMON_BLOCKS = YES;
				GCC_OPTIMIZATION_LEVEL = 0;
				GCC_PREPROCESSOR_DEFINITIONS = (
					"DEBUG=1",
					"$(inherited)",
				);
				GCC_WARN_64_TO_32_BIT_CONVERSION = YES;
				GCC_WARN_ABOUT_RETURN_TYPE = YES_ERROR;
				GCC_WARN_UNDECLARED_SELECTOR = YES;
				GCC_WARN_UNINITIALIZED_AUTOS = YES_AGGRESSIVE;
				GCC_WARN_UNUSED_FUNCTION = YES;
				GCC_WARN_UNUSED_VARIABLE = YES;
				IPHONEOS_DEPLOYMENT_TARGET = 18.0;
				LOCALIZATION_PREFERS_STRING_CATALOGS = YES;
				MTL_ENABLE_DEBUG_INFO = INCLUDE_SOURCE;
				MTL_FAST_MATH = YES;
				ONLY_ACTIVE_ARCH = YES;
				SDKROOT = iphoneos;
				SWIFT_ACTIVE_COMPILATION_CONDITIONS = "DEBUG $(inherited)";
				SWIFT_OPTIMIZATION_LEVEL = "-Onone";
			};
			name = Debug;
		};
		5FEF808B2CB2B65000008E1B /* Release */ = {
			isa = XCBuildConfiguration;
			buildSettings = {
				ALWAYS_SEARCH_USER_PATHS = NO;
				ASSETCATALOG_COMPILER_GENERATE_SWIFT_ASSET_SYMBOL_EXTENSIONS = YES;
				CLANG_ANALYZER_NONNULL = YES;
				CLANG_ANALYZER_NUMBER_OBJECT_CONVERSION = YES_AGGRESSIVE;
				CLANG_CXX_LANGUAGE_STANDARD = "gnu++20";
				CLANG_ENABLE_MODULES = YES;
				CLANG_ENABLE_OBJC_ARC = YES;
				CLANG_ENABLE_OBJC_WEAK = YES;
				CLANG_WARN_BLOCK_CAPTURE_AUTORELEASING = YES;
				CLANG_WARN_BOOL_CONVERSION = YES;
				CLANG_WARN_COMMA = YES;
				CLANG_WARN_CONSTANT_CONVERSION = YES;
				CLANG_WARN_DEPRECATED_OBJC_IMPLEMENTATIONS = YES;
				CLANG_WARN_DIRECT_OBJC_ISA_USAGE = YES_ERROR;
				CLANG_WARN_DOCUMENTATION_COMMENTS = YES;
				CLANG_WARN_EMPTY_BODY = YES;
				CLANG_WARN_ENUM_CONVERSION = YES;
				CLANG_WARN_INFINITE_RECURSION = YES;
				CLANG_WARN_INT_CONVERSION = YES;
				CLANG_WARN_NON_LITERAL_NULL_CONVERSION = YES;
				CLANG_WARN_OBJC_IMPLICIT_RETAIN_SELF = YES;
				CLANG_WARN_OBJC_LITERAL_CONVERSION = YES;
				CLANG_WARN_OBJC_ROOT_CLASS = YES_ERROR;
				CLANG_WARN_QUOTED_INCLUDE_IN_FRAMEWORK_HEADER = YES;
				CLANG_WARN_RANGE_LOOP_ANALYSIS = YES;
				CLANG_WARN_STRICT_PROTOTYPES = YES;
				CLANG_WARN_SUSPICIOUS_MOVE = YES;
				CLANG_WARN_UNGUARDED_AVAILABILITY = YES_AGGRESSIVE;
				CLANG_WARN_UNREACHABLE_CODE = YES;
				CLANG_WARN__DUPLICATE_METHOD_MATCH = YES;
				COPY_PHASE_STRIP = NO;
				DEBUG_INFORMATION_FORMAT = "dwarf-with-dsym";
				ENABLE_NS_ASSERTIONS = NO;
				ENABLE_STRICT_OBJC_MSGSEND = YES;
				ENABLE_USER_SCRIPT_SANDBOXING = YES;
				GCC_C_LANGUAGE_STANDARD = gnu17;
				GCC_NO_COMMON_BLOCKS = YES;
				GCC_WARN_64_TO_32_BIT_CONVERSION = YES;
				GCC_WARN_ABOUT_RETURN_TYPE = YES_ERROR;
				GCC_WARN_UNDECLARED_SELECTOR = YES;
				GCC_WARN_UNINITIALIZED_AUTOS = YES_AGGRESSIVE;
				GCC_WARN_UNUSED_FUNCTION = YES;
				GCC_WARN_UNUSED_VARIABLE = YES;
				IPHONEOS_DEPLOYMENT_TARGET = 18.0;
				LOCALIZATION_PREFERS_STRING_CATALOGS = YES;
				MTL_ENABLE_DEBUG_INFO = NO;
				MTL_FAST_MATH = YES;
				SDKROOT = iphoneos;
				SWIFT_COMPILATION_MODE = wholemodule;
				VALIDATE_PRODUCT = YES;
			};
			name = Release;
		};
		5FEF808D2CB2B65000008E1B /* Debug */ = {
			isa = XCBuildConfiguration;
			buildSettings = {
				BUNDLE_LOADER = "$(TEST_HOST)";
				CODE_SIGN_STYLE = Automatic;
				CURRENT_PROJECT_VERSION = 1;
				DEVELOPMENT_TEAM = NBKQCU426T;
				GENERATE_INFOPLIST_FILE = YES;
				IPHONEOS_DEPLOYMENT_TARGET = 18.0;
				MARKETING_VERSION = 1.0;
				PRODUCT_BUNDLE_IDENTIFIER = "com.one.ram.-th-hw-HyeonhakDoTests";
				PRODUCT_NAME = "$(TARGET_NAME)";
				SWIFT_EMIT_LOC_STRINGS = NO;
				SWIFT_VERSION = 5.0;
				TARGETED_DEVICE_FAMILY = "1,2";
				TEST_HOST = "$(BUILT_PRODUCTS_DIR)/5th_hw_HyeonhakDo.app/$(BUNDLE_EXECUTABLE_FOLDER_PATH)/5th_hw_HyeonhakDo";
			};
			name = Debug;
		};
		5FEF808E2CB2B65000008E1B /* Release */ = {
			isa = XCBuildConfiguration;
			buildSettings = {
				BUNDLE_LOADER = "$(TEST_HOST)";
				CODE_SIGN_STYLE = Automatic;
				CURRENT_PROJECT_VERSION = 1;
				DEVELOPMENT_TEAM = NBKQCU426T;
				GENERATE_INFOPLIST_FILE = YES;
				IPHONEOS_DEPLOYMENT_TARGET = 18.0;
				MARKETING_VERSION = 1.0;
				PRODUCT_BUNDLE_IDENTIFIER = "com.one.ram.-th-hw-HyeonhakDoTests";
				PRODUCT_NAME = "$(TARGET_NAME)";
				SWIFT_EMIT_LOC_STRINGS = NO;
				SWIFT_VERSION = 5.0;
				TARGETED_DEVICE_FAMILY = "1,2";
				TEST_HOST = "$(BUILT_PRODUCTS_DIR)/5th_hw_HyeonhakDo.app/$(BUNDLE_EXECUTABLE_FOLDER_PATH)/5th_hw_HyeonhakDo";
			};
			name = Release;
		};
		5FEF80902CB2B65000008E1B /* Debug */ = {
			isa = XCBuildConfiguration;
			buildSettings = {
				CODE_SIGN_STYLE = Automatic;
				CURRENT_PROJECT_VERSION = 1;
				DEVELOPMENT_TEAM = NBKQCU426T;
				GENERATE_INFOPLIST_FILE = YES;
				MARKETING_VERSION = 1.0;
				PRODUCT_BUNDLE_IDENTIFIER = "com.one.ram.-th-hw-HyeonhakDoUITests";
				PRODUCT_NAME = "$(TARGET_NAME)";
				SWIFT_EMIT_LOC_STRINGS = NO;
				SWIFT_VERSION = 5.0;
				TARGETED_DEVICE_FAMILY = "1,2";
				TEST_TARGET_NAME = 5th_hw_HyeonhakDo;
			};
			name = Debug;
		};
		5FEF80912CB2B65000008E1B /* Release */ = {
			isa = XCBuildConfiguration;
			buildSettings = {
				CODE_SIGN_STYLE = Automatic;
				CURRENT_PROJECT_VERSION = 1;
				DEVELOPMENT_TEAM = NBKQCU426T;
				GENERATE_INFOPLIST_FILE = YES;
				MARKETING_VERSION = 1.0;
				PRODUCT_BUNDLE_IDENTIFIER = "com.one.ram.-th-hw-HyeonhakDoUITests";
				PRODUCT_NAME = "$(TARGET_NAME)";
				SWIFT_EMIT_LOC_STRINGS = NO;
				SWIFT_VERSION = 5.0;
				TARGETED_DEVICE_FAMILY = "1,2";
				TEST_TARGET_NAME = 5th_hw_HyeonhakDo;
			};
			name = Release;
		};
/* End XCBuildConfiguration section */

/* Begin XCConfigurationList section */
		5FEF80592CB2B64F00008E1B /* Build configuration list for PBXProject "5th_hw_HyeonhakDo" */ = {
			isa = XCConfigurationList;
			buildConfigurations = (
				5FEF808A2CB2B65000008E1B /* Debug */,
				5FEF808B2CB2B65000008E1B /* Release */,
			);
			defaultConfigurationIsVisible = 0;
			defaultConfigurationName = Release;
		};
		5FEF80872CB2B65000008E1B /* Build configuration list for PBXNativeTarget "5th_hw_HyeonhakDo" */ = {
			isa = XCConfigurationList;
			buildConfigurations = (
				5FEF80882CB2B65000008E1B /* Debug */,
				5FEF80892CB2B65000008E1B /* Release */,
			);
			defaultConfigurationIsVisible = 0;
			defaultConfigurationName = Release;
		};
		5FEF808C2CB2B65000008E1B /* Build configuration list for PBXNativeTarget "5th_hw_HyeonhakDoTests" */ = {
			isa = XCConfigurationList;
			buildConfigurations = (
				5FEF808D2CB2B65000008E1B /* Debug */,
				5FEF808E2CB2B65000008E1B /* Release */,
			);
			defaultConfigurationIsVisible = 0;
			defaultConfigurationName = Release;
		};
		5FEF808F2CB2B65000008E1B /* Build configuration list for PBXNativeTarget "5th_hw_HyeonhakDoUITests" */ = {
			isa = XCConfigurationList;
			buildConfigurations = (
				5FEF80902CB2B65000008E1B /* Debug */,
				5FEF80912CB2B65000008E1B /* Release */,
			);
			defaultConfigurationIsVisible = 0;
			defaultConfigurationName = Release;
		};
/* End XCConfigurationList section */
	};
	rootObject = 5FEF80562CB2B64F00008E1B /* Project object */;
}
