// !$*UTF8*$!
{
	archiveVersion = 1;
	classes = {
	};
	objectVersion = 77;
	objects = {

/* Begin PBXContainerItemProxy section */
		5F637DE42CA9B76800DBF8B4 /* PBXContainerItemProxy */ = {
			isa = PBXContainerItemProxy;
			containerPortal = 5F637DC52CA9B76500DBF8B4 /* Project object */;
			proxyType = 1;
			remoteGlobalIDString = 5F637DCC2CA9B76500DBF8B4;
			remoteInfo = 4th_hw_HyeonhakDo;
		};
		5F637DEE2CA9B76800DBF8B4 /* PBXContainerItemProxy */ = {
			isa = PBXContainerItemProxy;
			containerPortal = 5F637DC52CA9B76500DBF8B4 /* Project object */;
			proxyType = 1;
			remoteGlobalIDString = 5F637DCC2CA9B76500DBF8B4;
			remoteInfo = 4th_hw_HyeonhakDo;
		};
/* End PBXContainerItemProxy section */

/* Begin PBXFileReference section */
		5F637DCD2CA9B76500DBF8B4 /* 4th_hw_HyeonhakDo.app */ = {isa = PBXFileReference; explicitFileType = wrapper.application; includeInIndex = 0; path = 4th_hw_HyeonhakDo.app; sourceTree = BUILT_PRODUCTS_DIR; };
		5F637DE32CA9B76800DBF8B4 /* 4th_hw_HyeonhakDoTests.xctest */ = {isa = PBXFileReference; explicitFileType = wrapper.cfbundle; includeInIndex = 0; path = 4th_hw_HyeonhakDoTests.xctest; sourceTree = BUILT_PRODUCTS_DIR; };
		5F637DED2CA9B76800DBF8B4 /* 4th_hw_HyeonhakDoUITests.xctest */ = {isa = PBXFileReference; explicitFileType = wrapper.cfbundle; includeInIndex = 0; path = 4th_hw_HyeonhakDoUITests.xctest; sourceTree = BUILT_PRODUCTS_DIR; };
/* End PBXFileReference section */

/* Begin PBXFileSystemSynchronizedBuildFileExceptionSet section */
		5F637DF52CA9B76800DBF8B4 /* Exceptions for "4th_hw_HyeonhakDo" folder in "4th_hw_HyeonhakDo" target */ = {
			isa = PBXFileSystemSynchronizedBuildFileExceptionSet;
			membershipExceptions = (
				Info.plist,
			);
			target = 5F637DCC2CA9B76500DBF8B4 /* 4th_hw_HyeonhakDo */;
		};
/* End PBXFileSystemSynchronizedBuildFileExceptionSet section */

/* Begin PBXFileSystemSynchronizedRootGroup section */
		5F637DCF2CA9B76500DBF8B4 /* 4th_hw_HyeonhakDo */ = {
			isa = PBXFileSystemSynchronizedRootGroup;
			exceptions = (
				5F637DF52CA9B76800DBF8B4 /* Exceptions for "4th_hw_HyeonhakDo" folder in "4th_hw_HyeonhakDo" target */,
			);
			path = 4th_hw_HyeonhakDo;
			sourceTree = "<group>";
		};
		5F637DE62CA9B76800DBF8B4 /* 4th_hw_HyeonhakDoTests */ = {
			isa = PBXFileSystemSynchronizedRootGroup;
			path = 4th_hw_HyeonhakDoTests;
			sourceTree = "<group>";
		};
		5F637DF02CA9B76800DBF8B4 /* 4th_hw_HyeonhakDoUITests */ = {
			isa = PBXFileSystemSynchronizedRootGroup;
			path = 4th_hw_HyeonhakDoUITests;
			sourceTree = "<group>";
		};
/* End PBXFileSystemSynchronizedRootGroup section */

/* Begin PBXFrameworksBuildPhase section */
		5F637DCA2CA9B76500DBF8B4 /* Frameworks */ = {
			isa = PBXFrameworksBuildPhase;
			buildActionMask = 2147483647;
			files = (
			);
			runOnlyForDeploymentPostprocessing = 0;
		};
		5F637DE02CA9B76800DBF8B4 /* Frameworks */ = {
			isa = PBXFrameworksBuildPhase;
			buildActionMask = 2147483647;
			files = (
			);
			runOnlyForDeploymentPostprocessing = 0;
		};
		5F637DEA2CA9B76800DBF8B4 /* Frameworks */ = {
			isa = PBXFrameworksBuildPhase;
			buildActionMask = 2147483647;
			files = (
			);
			runOnlyForDeploymentPostprocessing = 0;
		};
/* End PBXFrameworksBuildPhase section */

/* Begin PBXGroup section */
		5F637DC42CA9B76500DBF8B4 = {
			isa = PBXGroup;
			children = (
				5F637DCF2CA9B76500DBF8B4 /* 4th_hw_HyeonhakDo */,
				5F637DE62CA9B76800DBF8B4 /* 4th_hw_HyeonhakDoTests */,
				5F637DF02CA9B76800DBF8B4 /* 4th_hw_HyeonhakDoUITests */,
				5F637DCE2CA9B76500DBF8B4 /* Products */,
			);
			sourceTree = "<group>";
		};
		5F637DCE2CA9B76500DBF8B4 /* Products */ = {
			isa = PBXGroup;
			children = (
				5F637DCD2CA9B76500DBF8B4 /* 4th_hw_HyeonhakDo.app */,
				5F637DE32CA9B76800DBF8B4 /* 4th_hw_HyeonhakDoTests.xctest */,
				5F637DED2CA9B76800DBF8B4 /* 4th_hw_HyeonhakDoUITests.xctest */,
			);
			name = Products;
			sourceTree = "<group>";
		};
/* End PBXGroup section */

/* Begin PBXNativeTarget section */
		5F637DCC2CA9B76500DBF8B4 /* 4th_hw_HyeonhakDo */ = {
			isa = PBXNativeTarget;
			buildConfigurationList = 5F637DF62CA9B76800DBF8B4 /* Build configuration list for PBXNativeTarget "4th_hw_HyeonhakDo" */;
			buildPhases = (
				5F637DC92CA9B76500DBF8B4 /* Sources */,
				5F637DCA2CA9B76500DBF8B4 /* Frameworks */,
				5F637DCB2CA9B76500DBF8B4 /* Resources */,
			);
			buildRules = (
			);
			dependencies = (
			);
			fileSystemSynchronizedGroups = (
				5F637DCF2CA9B76500DBF8B4 /* 4th_hw_HyeonhakDo */,
			);
			name = 4th_hw_HyeonhakDo;
			packageProductDependencies = (
			);
			productName = 4th_hw_HyeonhakDo;
			productReference = 5F637DCD2CA9B76500DBF8B4 /* 4th_hw_HyeonhakDo.app */;
			productType = "com.apple.product-type.application";
		};
		5F637DE22CA9B76800DBF8B4 /* 4th_hw_HyeonhakDoTests */ = {
			isa = PBXNativeTarget;
			buildConfigurationList = 5F637DFB2CA9B76800DBF8B4 /* Build configuration list for PBXNativeTarget "4th_hw_HyeonhakDoTests" */;
			buildPhases = (
				5F637DDF2CA9B76800DBF8B4 /* Sources */,
				5F637DE02CA9B76800DBF8B4 /* Frameworks */,
				5F637DE12CA9B76800DBF8B4 /* Resources */,
			);
			buildRules = (
			);
			dependencies = (
				5F637DE52CA9B76800DBF8B4 /* PBXTargetDependency */,
			);
			fileSystemSynchronizedGroups = (
				5F637DE62CA9B76800DBF8B4 /* 4th_hw_HyeonhakDoTests */,
			);
			name = 4th_hw_HyeonhakDoTests;
			packageProductDependencies = (
			);
			productName = 4th_hw_HyeonhakDoTests;
			productReference = 5F637DE32CA9B76800DBF8B4 /* 4th_hw_HyeonhakDoTests.xctest */;
			productType = "com.apple.product-type.bundle.unit-test";
		};
		5F637DEC2CA9B76800DBF8B4 /* 4th_hw_HyeonhakDoUITests */ = {
			isa = PBXNativeTarget;
			buildConfigurationList = 5F637DFE2CA9B76800DBF8B4 /* Build configuration list for PBXNativeTarget "4th_hw_HyeonhakDoUITests" */;
			buildPhases = (
				5F637DE92CA9B76800DBF8B4 /* Sources */,
				5F637DEA2CA9B76800DBF8B4 /* Frameworks */,
				5F637DEB2CA9B76800DBF8B4 /* Resources */,
			);
			buildRules = (
			);
			dependencies = (
				5F637DEF2CA9B76800DBF8B4 /* PBXTargetDependency */,
			);
			fileSystemSynchronizedGroups = (
				5F637DF02CA9B76800DBF8B4 /* 4th_hw_HyeonhakDoUITests */,
			);
			name = 4th_hw_HyeonhakDoUITests;
			packageProductDependencies = (
			);
			productName = 4th_hw_HyeonhakDoUITests;
			productReference = 5F637DED2CA9B76800DBF8B4 /* 4th_hw_HyeonhakDoUITests.xctest */;
			productType = "com.apple.product-type.bundle.ui-testing";
		};
/* End PBXNativeTarget section */

/* Begin PBXProject section */
		5F637DC52CA9B76500DBF8B4 /* Project object */ = {
			isa = PBXProject;
			attributes = {
				BuildIndependentTargetsInParallel = 1;
				LastSwiftUpdateCheck = 1600;
				LastUpgradeCheck = 1600;
				TargetAttributes = {
					5F637DCC2CA9B76500DBF8B4 = {
						CreatedOnToolsVersion = 16.0;
					};
					5F637DE22CA9B76800DBF8B4 = {
						CreatedOnToolsVersion = 16.0;
						TestTargetID = 5F637DCC2CA9B76500DBF8B4;
					};
					5F637DEC2CA9B76800DBF8B4 = {
						CreatedOnToolsVersion = 16.0;
						TestTargetID = 5F637DCC2CA9B76500DBF8B4;
					};
				};
			};
			buildConfigurationList = 5F637DC82CA9B76500DBF8B4 /* Build configuration list for PBXProject "4th_hw_HyeonhakDo" */;
			developmentRegion = en;
			hasScannedForEncodings = 0;
			knownRegions = (
				en,
				Base,
			);
			mainGroup = 5F637DC42CA9B76500DBF8B4;
			minimizedProjectReferenceProxies = 1;
			preferredProjectObjectVersion = 77;
			productRefGroup = 5F637DCE2CA9B76500DBF8B4 /* Products */;
			projectDirPath = "";
			projectRoot = "";
			targets = (
				5F637DCC2CA9B76500DBF8B4 /* 4th_hw_HyeonhakDo */,
				5F637DE22CA9B76800DBF8B4 /* 4th_hw_HyeonhakDoTests */,
				5F637DEC2CA9B76800DBF8B4 /* 4th_hw_HyeonhakDoUITests */,
			);
		};
/* End PBXProject section */

/* Begin PBXResourcesBuildPhase section */
		5F637DCB2CA9B76500DBF8B4 /* Resources */ = {
			isa = PBXResourcesBuildPhase;
			buildActionMask = 2147483647;
			files = (
			);
			runOnlyForDeploymentPostprocessing = 0;
		};
		5F637DE12CA9B76800DBF8B4 /* Resources */ = {
			isa = PBXResourcesBuildPhase;
			buildActionMask = 2147483647;
			files = (
			);
			runOnlyForDeploymentPostprocessing = 0;
		};
		5F637DEB2CA9B76800DBF8B4 /* Resources */ = {
			isa = PBXResourcesBuildPhase;
			buildActionMask = 2147483647;
			files = (
			);
			runOnlyForDeploymentPostprocessing = 0;
		};
/* End PBXResourcesBuildPhase section */

/* Begin PBXSourcesBuildPhase section */
		5F637DC92CA9B76500DBF8B4 /* Sources */ = {
			isa = PBXSourcesBuildPhase;
			buildActionMask = 2147483647;
			files = (
			);
			runOnlyForDeploymentPostprocessing = 0;
		};
		5F637DDF2CA9B76800DBF8B4 /* Sources */ = {
			isa = PBXSourcesBuildPhase;
			buildActionMask = 2147483647;
			files = (
			);
			runOnlyForDeploymentPostprocessing = 0;
		};
		5F637DE92CA9B76800DBF8B4 /* Sources */ = {
			isa = PBXSourcesBuildPhase;
			buildActionMask = 2147483647;
			files = (
			);
			runOnlyForDeploymentPostprocessing = 0;
		};
/* End PBXSourcesBuildPhase section */

/* Begin PBXTargetDependency section */
		5F637DE52CA9B76800DBF8B4 /* PBXTargetDependency */ = {
			isa = PBXTargetDependency;
			target = 5F637DCC2CA9B76500DBF8B4 /* 4th_hw_HyeonhakDo */;
			targetProxy = 5F637DE42CA9B76800DBF8B4 /* PBXContainerItemProxy */;
		};
		5F637DEF2CA9B76800DBF8B4 /* PBXTargetDependency */ = {
			isa = PBXTargetDependency;
			target = 5F637DCC2CA9B76500DBF8B4 /* 4th_hw_HyeonhakDo */;
			targetProxy = 5F637DEE2CA9B76800DBF8B4 /* PBXContainerItemProxy */;
		};
/* End PBXTargetDependency section */

/* Begin XCBuildConfiguration section */
		5F637DF72CA9B76800DBF8B4 /* Debug */ = {
			isa = XCBuildConfiguration;
			buildSettings = {
				ASSETCATALOG_COMPILER_APPICON_NAME = AppIcon;
				ASSETCATALOG_COMPILER_GLOBAL_ACCENT_COLOR_NAME = AccentColor;
				CODE_SIGN_STYLE = Automatic;
				CURRENT_PROJECT_VERSION = 1;
				DEVELOPMENT_TEAM = NBKQCU426T;
				GENERATE_INFOPLIST_FILE = YES;
				INFOPLIST_FILE = 4th_hw_HyeonhakDo/Info.plist;
				INFOPLIST_KEY_UIApplicationSupportsIndirectInputEvents = YES;
				INFOPLIST_KEY_UILaunchStoryboardName = LaunchScreen;
				INFOPLIST_KEY_UIMainStoryboardFile = Main;
				INFOPLIST_KEY_UISupportedInterfaceOrientations_iPad = "UIInterfaceOrientationPortrait UIInterfaceOrientationPortraitUpsideDown UIInterfaceOrientationLandscapeLeft UIInterfaceOrientationLandscapeRight";
				INFOPLIST_KEY_UISupportedInterfaceOrientations_iPhone = "UIInterfaceOrientationPortrait UIInterfaceOrientationLandscapeLeft UIInterfaceOrientationLandscapeRight";
				LD_RUNPATH_SEARCH_PATHS = (
					"$(inherited)",
					"@executable_path/Frameworks",
				);
				MARKETING_VERSION = 1.0;
				PRODUCT_BUNDLE_IDENTIFIER = "com.one.ram.-th-hw-HyeonhakDo";
				PRODUCT_NAME = "$(TARGET_NAME)";
				SWIFT_EMIT_LOC_STRINGS = YES;
				SWIFT_VERSION = 5.0;
				TARGETED_DEVICE_FAMILY = "1,2";
			};
			name = Debug;
		};
		5F637DF82CA9B76800DBF8B4 /* Release */ = {
			isa = XCBuildConfiguration;
			buildSettings = {
				ASSETCATALOG_COMPILER_APPICON_NAME = AppIcon;
				ASSETCATALOG_COMPILER_GLOBAL_ACCENT_COLOR_NAME = AccentColor;
				CODE_SIGN_STYLE = Automatic;
				CURRENT_PROJECT_VERSION = 1;
				DEVELOPMENT_TEAM = NBKQCU426T;
				GENERATE_INFOPLIST_FILE = YES;
				INFOPLIST_FILE = 4th_hw_HyeonhakDo/Info.plist;
				INFOPLIST_KEY_UIApplicationSupportsIndirectInputEvents = YES;
				INFOPLIST_KEY_UILaunchStoryboardName = LaunchScreen;
				INFOPLIST_KEY_UIMainStoryboardFile = Main;
				INFOPLIST_KEY_UISupportedInterfaceOrientations_iPad = "UIInterfaceOrientationPortrait UIInterfaceOrientationPortraitUpsideDown UIInterfaceOrientationLandscapeLeft UIInterfaceOrientationLandscapeRight";
				INFOPLIST_KEY_UISupportedInterfaceOrientations_iPhone = "UIInterfaceOrientationPortrait UIInterfaceOrientationLandscapeLeft UIInterfaceOrientationLandscapeRight";
				LD_RUNPATH_SEARCH_PATHS = (
					"$(inherited)",
					"@executable_path/Frameworks",
				);
				MARKETING_VERSION = 1.0;
				PRODUCT_BUNDLE_IDENTIFIER = "com.one.ram.-th-hw-HyeonhakDo";
				PRODUCT_NAME = "$(TARGET_NAME)";
				SWIFT_EMIT_LOC_STRINGS = YES;
				SWIFT_VERSION = 5.0;
				TARGETED_DEVICE_FAMILY = "1,2";
			};
			name = Release;
		};
		5F637DF92CA9B76800DBF8B4 /* Debug */ = {
			isa = XCBuildConfiguration;
			buildSettings = {
				ALWAYS_SEARCH_USER_PATHS = NO;
				ASSETCATALOG_COMPILER_GENERATE_SWIFT_ASSET_SYMBOL_EXTENSIONS = YES;
				CLANG_ANALYZER_NONNULL = YES;
				CLANG_ANALYZER_NUMBER_OBJECT_CONVERSION = YES_AGGRESSIVE;
				CLANG_CXX_LANGUAGE_STANDARD = "gnu++20";
				CLANG_ENABLE_MODULES = YES;
				CLANG_ENABLE_OBJC_ARC = YES;
				CLANG_ENABLE_OBJC_WEAK = YES;
				CLANG_WARN_BLOCK_CAPTURE_AUTORELEASING = YES;
				CLANG_WARN_BOOL_CONVERSION = YES;
				CLANG_WARN_COMMA = YES;
				CLANG_WARN_CONSTANT_CONVERSION = YES;
				CLANG_WARN_DEPRECATED_OBJC_IMPLEMENTATIONS = YES;
				CLANG_WARN_DIRECT_OBJC_ISA_USAGE = YES_ERROR;
				CLANG_WARN_DOCUMENTATION_COMMENTS = YES;
				CLANG_WARN_EMPTY_BODY = YES;
				CLANG_WARN_ENUM_CONVERSION = YES;
				CLANG_WARN_INFINITE_RECURSION = YES;
				CLANG_WARN_INT_CONVERSION = YES;
				CLANG_WARN_NON_LITERAL_NULL_CONVERSION = YES;
				CLANG_WARN_OBJC_IMPLICIT_RETAIN_SELF = YES;
				CLANG_WARN_OBJC_LITERAL_CONVERSION = YES;
				CLANG_WARN_OBJC_ROOT_CLASS = YES_ERROR;
				CLANG_WARN_QUOTED_INCLUDE_IN_FRAMEWORK_HEADER = YES;
				CLANG_WARN_RANGE_LOOP_ANALYSIS = YES;
				CLANG_WARN_STRICT_PROTOTYPES = YES;
				CLANG_WARN_SUSPICIOUS_MOVE = YES;
				CLANG_WARN_UNGUARDED_AVAILABILITY = YES_AGGRESSIVE;
				CLANG_WARN_UNREACHABLE_CODE = YES;
				CLANG_WARN__DUPLICATE_METHOD_MATCH = YES;
				COPY_PHASE_STRIP = NO;
				DEBUG_INFORMATION_FORMAT = dwarf;
				ENABLE_STRICT_OBJC_MSGSEND = YES;
				ENABLE_TESTABILITY = YES;
				ENABLE_USER_SCRIPT_SANDBOXING = YES;
				GCC_C_LANGUAGE_STANDARD = gnu17;
				GCC_DYNAMIC_NO_PIC = NO;
				GCC_NO_COMMON_BLOCKS = YES;
				GCC_OPTIMIZATION_LEVEL = 0;
				GCC_PREPROCESSOR_DEFINITIONS = (
					"DEBUG=1",
					"$(inherited)",
				);
				GCC_WARN_64_TO_32_BIT_CONVERSION = YES;
				GCC_WARN_ABOUT_RETURN_TYPE = YES_ERROR;
				GCC_WARN_UNDECLARED_SELECTOR = YES;
				GCC_WARN_UNINITIALIZED_AUTOS = YES_AGGRESSIVE;
				GCC_WARN_UNUSED_FUNCTION = YES;
				GCC_WARN_UNUSED_VARIABLE = YES;
				IPHONEOS_DEPLOYMENT_TARGET = 18.0;
				LOCALIZATION_PREFERS_STRING_CATALOGS = YES;
				MTL_ENABLE_DEBUG_INFO = INCLUDE_SOURCE;
				MTL_FAST_MATH = YES;
				ONLY_ACTIVE_ARCH = YES;
				SDKROOT = iphoneos;
				SWIFT_ACTIVE_COMPILATION_CONDITIONS = "DEBUG $(inherited)";
				SWIFT_OPTIMIZATION_LEVEL = "-Onone";
			};
			name = Debug;
		};
		5F637DFA2CA9B76800DBF8B4 /* Release */ = {
			isa = XCBuildConfiguration;
			buildSettings = {
				ALWAYS_SEARCH_USER_PATHS = NO;
				ASSETCATALOG_COMPILER_GENERATE_SWIFT_ASSET_SYMBOL_EXTENSIONS = YES;
				CLANG_ANALYZER_NONNULL = YES;
				CLANG_ANALYZER_NUMBER_OBJECT_CONVERSION = YES_AGGRESSIVE;
				CLANG_CXX_LANGUAGE_STANDARD = "gnu++20";
				CLANG_ENABLE_MODULES = YES;
				CLANG_ENABLE_OBJC_ARC = YES;
				CLANG_ENABLE_OBJC_WEAK = YES;
				CLANG_WARN_BLOCK_CAPTURE_AUTORELEASING = YES;
				CLANG_WARN_BOOL_CONVERSION = YES;
				CLANG_WARN_COMMA = YES;
				CLANG_WARN_CONSTANT_CONVERSION = YES;
				CLANG_WARN_DEPRECATED_OBJC_IMPLEMENTATIONS = YES;
				CLANG_WARN_DIRECT_OBJC_ISA_USAGE = YES_ERROR;
				CLANG_WARN_DOCUMENTATION_COMMENTS = YES;
				CLANG_WARN_EMPTY_BODY = YES;
				CLANG_WARN_ENUM_CONVERSION = YES;
				CLANG_WARN_INFINITE_RECURSION = YES;
				CLANG_WARN_INT_CONVERSION = YES;
				CLANG_WARN_NON_LITERAL_NULL_CONVERSION = YES;
				CLANG_WARN_OBJC_IMPLICIT_RETAIN_SELF = YES;
				CLANG_WARN_OBJC_LITERAL_CONVERSION = YES;
				CLANG_WARN_OBJC_ROOT_CLASS = YES_ERROR;
				CLANG_WARN_QUOTED_INCLUDE_IN_FRAMEWORK_HEADER = YES;
				CLANG_WARN_RANGE_LOOP_ANALYSIS = YES;
				CLANG_WARN_STRICT_PROTOTYPES = YES;
				CLANG_WARN_SUSPICIOUS_MOVE = YES;
				CLANG_WARN_UNGUARDED_AVAILABILITY = YES_AGGRESSIVE;
				CLANG_WARN_UNREACHABLE_CODE = YES;
				CLANG_WARN__DUPLICATE_METHOD_MATCH = YES;
				COPY_PHASE_STRIP = NO;
				DEBUG_INFORMATION_FORMAT = "dwarf-with-dsym";
				ENABLE_NS_ASSERTIONS = NO;
				ENABLE_STRICT_OBJC_MSGSEND = YES;
				ENABLE_USER_SCRIPT_SANDBOXING = YES;
				GCC_C_LANGUAGE_STANDARD = gnu17;
				GCC_NO_COMMON_BLOCKS = YES;
				GCC_WARN_64_TO_32_BIT_CONVERSION = YES;
				GCC_WARN_ABOUT_RETURN_TYPE = YES_ERROR;
				GCC_WARN_UNDECLARED_SELECTOR = YES;
				GCC_WARN_UNINITIALIZED_AUTOS = YES_AGGRESSIVE;
				GCC_WARN_UNUSED_FUNCTION = YES;
				GCC_WARN_UNUSED_VARIABLE = YES;
				IPHONEOS_DEPLOYMENT_TARGET = 18.0;
				LOCALIZATION_PREFERS_STRING_CATALOGS = YES;
				MTL_ENABLE_DEBUG_INFO = NO;
				MTL_FAST_MATH = YES;
				SDKROOT = iphoneos;
				SWIFT_COMPILATION_MODE = wholemodule;
				VALIDATE_PRODUCT = YES;
			};
			name = Release;
		};
		5F637DFC2CA9B76800DBF8B4 /* Debug */ = {
			isa = XCBuildConfiguration;
			buildSettings = {
				BUNDLE_LOADER = "$(TEST_HOST)";
				CODE_SIGN_STYLE = Automatic;
				CURRENT_PROJECT_VERSION = 1;
				DEVELOPMENT_TEAM = NBKQCU426T;
				GENERATE_INFOPLIST_FILE = YES;
				IPHONEOS_DEPLOYMENT_TARGET = 18.0;
				MARKETING_VERSION = 1.0;
				PRODUCT_BUNDLE_IDENTIFIER = "com.one.ram.-th-hw-HyeonhakDoTests";
				PRODUCT_NAME = "$(TARGET_NAME)";
				SWIFT_EMIT_LOC_STRINGS = NO;
				SWIFT_VERSION = 5.0;
				TARGETED_DEVICE_FAMILY = "1,2";
				TEST_HOST = "$(BUILT_PRODUCTS_DIR)/4th_hw_HyeonhakDo.app/$(BUNDLE_EXECUTABLE_FOLDER_PATH)/4th_hw_HyeonhakDo";
			};
			name = Debug;
		};
		5F637DFD2CA9B76800DBF8B4 /* Release */ = {
			isa = XCBuildConfiguration;
			buildSettings = {
				BUNDLE_LOADER = "$(TEST_HOST)";
				CODE_SIGN_STYLE = Automatic;
				CURRENT_PROJECT_VERSION = 1;
				DEVELOPMENT_TEAM = NBKQCU426T;
				GENERATE_INFOPLIST_FILE = YES;
				IPHONEOS_DEPLOYMENT_TARGET = 18.0;
				MARKETING_VERSION = 1.0;
				PRODUCT_BUNDLE_IDENTIFIER = "com.one.ram.-th-hw-HyeonhakDoTests";
				PRODUCT_NAME = "$(TARGET_NAME)";
				SWIFT_EMIT_LOC_STRINGS = NO;
				SWIFT_VERSION = 5.0;
				TARGETED_DEVICE_FAMILY = "1,2";
				TEST_HOST = "$(BUILT_PRODUCTS_DIR)/4th_hw_HyeonhakDo.app/$(BUNDLE_EXECUTABLE_FOLDER_PATH)/4th_hw_HyeonhakDo";
			};
			name = Release;
		};
		5F637DFF2CA9B76800DBF8B4 /* Debug */ = {
			isa = XCBuildConfiguration;
			buildSettings = {
				CODE_SIGN_STYLE = Automatic;
				CURRENT_PROJECT_VERSION = 1;
				DEVELOPMENT_TEAM = NBKQCU426T;
				GENERATE_INFOPLIST_FILE = YES;
				MARKETING_VERSION = 1.0;
				PRODUCT_BUNDLE_IDENTIFIER = "com.one.ram.-th-hw-HyeonhakDoUITests";
				PRODUCT_NAME = "$(TARGET_NAME)";
				SWIFT_EMIT_LOC_STRINGS = NO;
				SWIFT_VERSION = 5.0;
				TARGETED_DEVICE_FAMILY = "1,2";
				TEST_TARGET_NAME = 4th_hw_HyeonhakDo;
			};
			name = Debug;
		};
		5F637E002CA9B76800DBF8B4 /* Release */ = {
			isa = XCBuildConfiguration;
			buildSettings = {
				CODE_SIGN_STYLE = Automatic;
				CURRENT_PROJECT_VERSION = 1;
				DEVELOPMENT_TEAM = NBKQCU426T;
				GENERATE_INFOPLIST_FILE = YES;
				MARKETING_VERSION = 1.0;
				PRODUCT_BUNDLE_IDENTIFIER = "com.one.ram.-th-hw-HyeonhakDoUITests";
				PRODUCT_NAME = "$(TARGET_NAME)";
				SWIFT_EMIT_LOC_STRINGS = NO;
				SWIFT_VERSION = 5.0;
				TARGETED_DEVICE_FAMILY = "1,2";
				TEST_TARGET_NAME = 4th_hw_HyeonhakDo;
			};
			name = Release;
		};
/* End XCBuildConfiguration section */

/* Begin XCConfigurationList section */
		5F637DC82CA9B76500DBF8B4 /* Build configuration list for PBXProject "4th_hw_HyeonhakDo" */ = {
			isa = XCConfigurationList;
			buildConfigurations = (
				5F637DF92CA9B76800DBF8B4 /* Debug */,
				5F637DFA2CA9B76800DBF8B4 /* Release */,
			);
			defaultConfigurationIsVisible = 0;
			defaultConfigurationName = Release;
		};
		5F637DF62CA9B76800DBF8B4 /* Build configuration list for PBXNativeTarget "4th_hw_HyeonhakDo" */ = {
			isa = XCConfigurationList;
			buildConfigurations = (
				5F637DF72CA9B76800DBF8B4 /* Debug */,
				5F637DF82CA9B76800DBF8B4 /* Release */,
			);
			defaultConfigurationIsVisible = 0;
			defaultConfigurationName = Release;
		};
		5F637DFB2CA9B76800DBF8B4 /* Build configuration list for PBXNativeTarget "4th_hw_HyeonhakDoTests" */ = {
			isa = XCConfigurationList;
			buildConfigurations = (
				5F637DFC2CA9B76800DBF8B4 /* Debug */,
				5F637DFD2CA9B76800DBF8B4 /* Release */,
			);
			defaultConfigurationIsVisible = 0;
			defaultConfigurationName = Release;
		};
		5F637DFE2CA9B76800DBF8B4 /* Build configuration list for PBXNativeTarget "4th_hw_HyeonhakDoUITests" */ = {
			isa = XCConfigurationList;
			buildConfigurations = (
				5F637DFF2CA9B76800DBF8B4 /* Debug */,
				5F637E002CA9B76800DBF8B4 /* Release */,
			);
			defaultConfigurationIsVisible = 0;
			defaultConfigurationName = Release;
		};
/* End XCConfigurationList section */
	};
	rootObject = 5F637DC52CA9B76500DBF8B4 /* Project object */;
}
